
Microsoft Visual Studio Solution File, Format Version 12.00
Project("{F2A71F9B-5D33-465A-A702-920D77279786}") = "Issie-Avalonia", "Issie-Avalonia.fsproj", "{1329CE2C-7382-4ABE-8A54-AA42988D6425}"
EndProject
Global
	GlobalSection(SolutionConfigurationPlatforms) = preSolution
		Debug|Any CPU = Debug|Any CPU
		Release|Any CPU = Release|Any CPU
	EndGlobalSection
	GlobalSection(ProjectConfigurationPlatforms) = postSolution
		{1329CE2C-7382-4ABE-8A54-AA42988D6425}.Debug|Any CPU.ActiveCfg = Debug|Any CPU
		{1329CE2C-7382-4ABE-8A54-AA42988D6425}.Debug|Any CPU.Build.0 = Debug|Any CPU
		{1329CE2C-7382-4ABE-8A54-AA42988D6425}.Release|Any CPU.ActiveCfg = Release|Any CPU
		{1329CE2C-7382-4ABE-8A54-AA42988D6425}.Release|Any CPU.Build.0 = Release|Any CPU
	EndGlobalSection
EndGlobal
